// !$*UTF8*$!
{
	archiveVersion = 1;
	classes = {
	};
	objectVersion = 56;
	objects = {

/* Begin PBXBuildFile section */
		CC502DB02C2AADD400B19AE9 /* ColoringView.swift in Sources */ = {isa = PBXBuildFile; fileRef = CC502DAF2C2AADD400B19AE9 /* ColoringView.swift */; };
		CC502DB22C2AADF800B19AE9 /* ContentView.swift in Sources */ = {isa = PBXBuildFile; fileRef = CC502DB12C2AADF800B19AE9 /* ContentView.swift */; };
		CC502DB42C2AAE0F00B19AE9 /* Screen.swift in Sources */ = {isa = PBXBuildFile; fileRef = CC502DB32C2AAE0F00B19AE9 /* Screen.swift */; };
		CC54CE712C26E15000A737D3 /* PixArtApp.swift in Sources */ = {isa = PBXBuildFile; fileRef = CC54CE702C26E15000A737D3 /* PixArtApp.swift */; };
		CC54CE732C26E15000A737D3 /* PickPictureView.swift in Sources */ = {isa = PBXBuildFile; fileRef = CC54CE722C26E15000A737D3 /* PickPictureView.swift */; };
		CC54CE752C26E15100A737D3 /* Assets.xcassets in Resources */ = {isa = PBXBuildFile; fileRef = CC54CE742C26E15100A737D3 /* Assets.xcassets */; };
		CC54CE782C26E15100A737D3 /* Preview Assets.xcassets in Resources */ = {isa = PBXBuildFile; fileRef = CC54CE772C26E15100A737D3 /* Preview Assets.xcassets */; };
		CC56ADB22C2C62F000D06E34 /* ColoringView Logic.swift in Sources */ = {isa = PBXBuildFile; fileRef = CC56ADB12C2C62F000D06E34 /* ColoringView Logic.swift */; };
		CC56ADC02C2C63F900D06E34 /* raspberry numbered grid.txt in Resources */ = {isa = PBXBuildFile; fileRef = CC56ADB32C2C63F800D06E34 /* raspberry numbered grid.txt */; };
		CC56ADC12C2C63F900D06E34 /* tyrannosaurus numbered grid.txt in Resources */ = {isa = PBXBuildFile; fileRef = CC56ADB42C2C63F800D06E34 /* tyrannosaurus numbered grid.txt */; };
		CC56ADC22C2C63F900D06E34 /* hedgehog numbered grid.txt in Resources */ = {isa = PBXBuildFile; fileRef = CC56ADB52C2C63F800D06E34 /* hedgehog numbered grid.txt */; };
		CC56ADC32C2C63F900D06E34 /* rocket numbered grid.txt in Resources */ = {isa = PBXBuildFile; fileRef = CC56ADB62C2C63F800D06E34 /* rocket numbered grid.txt */; };
		CC56ADC42C2C63F900D06E34 /* boat numbered grid.txt in Resources */ = {isa = PBXBuildFile; fileRef = CC56ADB72C2C63F900D06E34 /* boat numbered grid.txt */; };
		CC56ADC52C2C63F900D06E34 /* panda numbered grid.txt in Resources */ = {isa = PBXBuildFile; fileRef = CC56ADB82C2C63F900D06E34 /* panda numbered grid.txt */; };
		CC56ADC62C2C63F900D06E34 /* solar system numbered grid.txt in Resources */ = {isa = PBXBuildFile; fileRef = CC56ADB92C2C63F900D06E34 /* solar system numbered grid.txt */; };
		CC56ADC72C2C63F900D06E34 /* UFO numbered grid.txt in Resources */ = {isa = PBXBuildFile; fileRef = CC56ADBA2C2C63F900D06E34 /* UFO numbered grid.txt */; };
		CC56ADC82C2C63F900D06E34 /* volcano numbered grid.txt in Resources */ = {isa = PBXBuildFile; fileRef = CC56ADBB2C2C63F900D06E34 /* volcano numbered grid.txt */; };
		CC56ADC92C2C63F900D06E34 /* penguin numbered grid.txt in Resources */ = {isa = PBXBuildFile; fileRef = CC56ADBC2C2C63F900D06E34 /* penguin numbered grid.txt */; };
		CC56ADCA2C2C63F900D06E34 /* beaver numbered grid.txt in Resources */ = {isa = PBXBuildFile; fileRef = CC56ADBD2C2C63F900D06E34 /* beaver numbered grid.txt */; };
		CC56ADCB2C2C63F900D06E34 /* parrot numbered grid.txt in Resources */ = {isa = PBXBuildFile; fileRef = CC56ADBE2C2C63F900D06E34 /* parrot numbered grid.txt */; };
		CC56ADCC2C2C63F900D06E34 /* owl numbered grid.txt in Resources */ = {isa = PBXBuildFile; fileRef = CC56ADBF2C2C63F900D06E34 /* owl numbered grid.txt */; };
		CC98CFE42C28366200EC3254 /* PictureModel.swift in Sources */ = {isa = PBXBuildFile; fileRef = CC98CFE32C28366200EC3254 /* PictureModel.swift */; };
		CC98CFE62C28367900EC3254 /* PictureViewModel.swift in Sources */ = {isa = PBXBuildFile; fileRef = CC98CFE52C28367900EC3254 /* PictureViewModel.swift */; };
		CC98CFEA2C283F2000EC3254 /* CategoryModel.swift in Sources */ = {isa = PBXBuildFile; fileRef = CC98CFE92C283F2000EC3254 /* CategoryModel.swift */; };
		CC98CFEC2C283F3600EC3254 /* CategoryViewModel.swift in Sources */ = {isa = PBXBuildFile; fileRef = CC98CFEB2C283F3600EC3254 /* CategoryViewModel.swift */; };
		CC98CFF02C28408D00EC3254 /* CategoryView.swift in Sources */ = {isa = PBXBuildFile; fileRef = CC98CFEF2C28408D00EC3254 /* CategoryView.swift */; };
		CC98CFF22C28792500EC3254 /* AnimatedBackgroundView.swift in Sources */ = {isa = PBXBuildFile; fileRef = CC98CFF12C28792500EC3254 /* AnimatedBackgroundView.swift */; };
/* End PBXBuildFile section */

/* Begin PBXFileReference section */
		CC502DAF2C2AADD400B19AE9 /* ColoringView.swift */ = {isa = PBXFileReference; lastKnownFileType = sourcecode.swift; path = ColoringView.swift; sourceTree = "<group>"; };
		CC502DB12C2AADF800B19AE9 /* ContentView.swift */ = {isa = PBXFileReference; lastKnownFileType = sourcecode.swift; path = ContentView.swift; sourceTree = "<group>"; };
		CC502DB32C2AAE0F00B19AE9 /* Screen.swift */ = {isa = PBXFileReference; lastKnownFileType = sourcecode.swift; path = Screen.swift; sourceTree = "<group>"; };
		CC54CE6D2C26E15000A737D3 /* PixArt.app */ = {isa = PBXFileReference; explicitFileType = wrapper.application; includeInIndex = 0; path = PixArt.app; sourceTree = BUILT_PRODUCTS_DIR; };
		CC54CE702C26E15000A737D3 /* PixArtApp.swift */ = {isa = PBXFileReference; lastKnownFileType = sourcecode.swift; path = PixArtApp.swift; sourceTree = "<group>"; };
		CC54CE722C26E15000A737D3 /* PickPictureView.swift */ = {isa = PBXFileReference; lastKnownFileType = sourcecode.swift; path = PickPictureView.swift; sourceTree = "<group>"; };
		CC54CE742C26E15100A737D3 /* Assets.xcassets */ = {isa = PBXFileReference; lastKnownFileType = folder.assetcatalog; path = Assets.xcassets; sourceTree = "<group>"; };
		CC54CE772C26E15100A737D3 /* Preview Assets.xcassets */ = {isa = PBXFileReference; lastKnownFileType = folder.assetcatalog; path = "Preview Assets.xcassets"; sourceTree = "<group>"; };
		CC56ADB12C2C62F000D06E34 /* ColoringView Logic.swift */ = {isa = PBXFileReference; lastKnownFileType = sourcecode.swift; path = "ColoringView Logic.swift"; sourceTree = "<group>"; };
		CC56ADB32C2C63F800D06E34 /* raspberry numbered grid.txt */ = {isa = PBXFileReference; fileEncoding = 4; lastKnownFileType = text; path = "raspberry numbered grid.txt"; sourceTree = "<group>"; };
		CC56ADB42C2C63F800D06E34 /* tyrannosaurus numbered grid.txt */ = {isa = PBXFileReference; fileEncoding = 4; lastKnownFileType = text; path = "tyrannosaurus numbered grid.txt"; sourceTree = "<group>"; };
		CC56ADB52C2C63F800D06E34 /* hedgehog numbered grid.txt */ = {isa = PBXFileReference; fileEncoding = 4; lastKnownFileType = text; path = "hedgehog numbered grid.txt"; sourceTree = "<group>"; };
		CC56ADB62C2C63F800D06E34 /* rocket numbered grid.txt */ = {isa = PBXFileReference; fileEncoding = 4; lastKnownFileType = text; path = "rocket numbered grid.txt"; sourceTree = "<group>"; };
		CC56ADB72C2C63F900D06E34 /* boat numbered grid.txt */ = {isa = PBXFileReference; fileEncoding = 4; lastKnownFileType = text; path = "boat numbered grid.txt"; sourceTree = "<group>"; };
		CC56ADB82C2C63F900D06E34 /* panda numbered grid.txt */ = {isa = PBXFileReference; fileEncoding = 4; lastKnownFileType = text; path = "panda numbered grid.txt"; sourceTree = "<group>"; };
		CC56ADB92C2C63F900D06E34 /* solar system numbered grid.txt */ = {isa = PBXFileReference; fileEncoding = 4; lastKnownFileType = text; path = "solar system numbered grid.txt"; sourceTree = "<group>"; };
		CC56ADBA2C2C63F900D06E34 /* UFO numbered grid.txt */ = {isa = PBXFileReference; fileEncoding = 4; lastKnownFileType = text; path = "UFO numbered grid.txt"; sourceTree = "<group>"; };
		CC56ADBB2C2C63F900D06E34 /* volcano numbered grid.txt */ = {isa = PBXFileReference; fileEncoding = 4; lastKnownFileType = text; path = "volcano numbered grid.txt"; sourceTree = "<group>"; };
		CC56ADBC2C2C63F900D06E34 /* penguin numbered grid.txt */ = {isa = PBXFileReference; fileEncoding = 4; lastKnownFileType = text; path = "penguin numbered grid.txt"; sourceTree = "<group>"; };
		CC56ADBD2C2C63F900D06E34 /* beaver numbered grid.txt */ = {isa = PBXFileReference; fileEncoding = 4; lastKnownFileType = text; path = "beaver numbered grid.txt"; sourceTree = "<group>"; };
		CC56ADBE2C2C63F900D06E34 /* parrot numbered grid.txt */ = {isa = PBXFileReference; fileEncoding = 4; lastKnownFileType = text; path = "parrot numbered grid.txt"; sourceTree = "<group>"; };
		CC56ADBF2C2C63F900D06E34 /* owl numbered grid.txt */ = {isa = PBXFileReference; fileEncoding = 4; lastKnownFileType = text; path = "owl numbered grid.txt"; sourceTree = "<group>"; };
		CC98CFE32C28366200EC3254 /* PictureModel.swift */ = {isa = PBXFileReference; lastKnownFileType = sourcecode.swift; path = PictureModel.swift; sourceTree = "<group>"; };
		CC98CFE52C28367900EC3254 /* PictureViewModel.swift */ = {isa = PBXFileReference; lastKnownFileType = sourcecode.swift; path = PictureViewModel.swift; sourceTree = "<group>"; };
		CC98CFE92C283F2000EC3254 /* CategoryModel.swift */ = {isa = PBXFileReference; lastKnownFileType = sourcecode.swift; path = CategoryModel.swift; sourceTree = "<group>"; };
		CC98CFEB2C283F3600EC3254 /* CategoryViewModel.swift */ = {isa = PBXFileReference; lastKnownFileType = sourcecode.swift; path = CategoryViewModel.swift; sourceTree = "<group>"; };
		CC98CFEF2C28408D00EC3254 /* CategoryView.swift */ = {isa = PBXFileReference; lastKnownFileType = sourcecode.swift; path = CategoryView.swift; sourceTree = "<group>"; };
		CC98CFF12C28792500EC3254 /* AnimatedBackgroundView.swift */ = {isa = PBXFileReference; lastKnownFileType = sourcecode.swift; path = AnimatedBackgroundView.swift; sourceTree = "<group>"; };
/* End PBXFileReference section */

/* Begin PBXFrameworksBuildPhase section */
		CC54CE6A2C26E15000A737D3 /* Frameworks */ = {
			isa = PBXFrameworksBuildPhase;
			buildActionMask = 2147483647;
			files = (
			);
			runOnlyForDeploymentPostprocessing = 0;
		};
/* End PBXFrameworksBuildPhase section */

/* Begin PBXGroup section */
		CC502DAC2C2AA98200B19AE9 /* App Views */ = {
			isa = PBXGroup;
			children = (
				CC54CE722C26E15000A737D3 /* PickPictureView.swift */,
				CC502DB12C2AADF800B19AE9 /* ContentView.swift */,
				CC56ADB12C2C62F000D06E34 /* ColoringView Logic.swift */,
				CC502DAF2C2AADD400B19AE9 /* ColoringView.swift */,
				CC56ADCE2C2C648E00D06E34 /* Number Grids */,
			);
			path = "App Views";
			sourceTree = "<group>";
		};
		CC54CE642C26E15000A737D3 = {
			isa = PBXGroup;
			children = (
				CC54CE6F2C26E15000A737D3 /* PixArt */,
				CC54CE6E2C26E15000A737D3 /* Products */,
			);
			sourceTree = "<group>";
		};
		CC54CE6E2C26E15000A737D3 /* Products */ = {
			isa = PBXGroup;
			children = (
				CC54CE6D2C26E15000A737D3 /* PixArt.app */,
			);
			name = Products;
			sourceTree = "<group>";
		};
		CC54CE6F2C26E15000A737D3 /* PixArt */ = {
			isa = PBXGroup;
			children = (
				CC54CE702C26E15000A737D3 /* PixArtApp.swift */,
				CC98CFED2C283F8B00EC3254 /* Picture */,
				CC502DAC2C2AA98200B19AE9 /* App Views */,
				CC98CFF32C28795500EC3254 /* Helpers */,
				CC98CFEE2C283F9F00EC3254 /* Category */,
				CC54CE742C26E15100A737D3 /* Assets.xcassets */,
				CC54CE762C26E15100A737D3 /* Preview Content */,
			);
			path = PixArt;
			sourceTree = "<group>";
		};
		CC54CE762C26E15100A737D3 /* Preview Content */ = {
			isa = PBXGroup;
			children = (
				CC54CE772C26E15100A737D3 /* Preview Assets.xcassets */,
			);
			path = "Preview Content";
			sourceTree = "<group>";
		};
		CC56ADCE2C2C648E00D06E34 /* Number Grids */ = {
			isa = PBXGroup;
			children = (
				CC56ADB82C2C63F900D06E34 /* panda numbered grid.txt */,
				CC56ADBD2C2C63F900D06E34 /* beaver numbered grid.txt */,
				CC56ADBF2C2C63F900D06E34 /* owl numbered grid.txt */,
				CC56ADB52C2C63F800D06E34 /* hedgehog numbered grid.txt */,
				CC56ADBE2C2C63F900D06E34 /* parrot numbered grid.txt */,
				CC56ADBC2C2C63F900D06E34 /* penguin numbered grid.txt */,
				CC56ADB32C2C63F800D06E34 /* raspberry numbered grid.txt */,
				CC56ADB62C2C63F800D06E34 /* rocket numbered grid.txt */,
				CC56ADB92C2C63F900D06E34 /* solar system numbered grid.txt */,
				CC56ADB42C2C63F800D06E34 /* tyrannosaurus numbered grid.txt */,
				CC56ADBA2C2C63F900D06E34 /* UFO numbered grid.txt */,
				CC56ADBB2C2C63F900D06E34 /* volcano numbered grid.txt */,
				CC56ADB72C2C63F900D06E34 /* boat numbered grid.txt */,
			);
			path = "Number Grids";
			sourceTree = "<group>";
		};
		CC98CFED2C283F8B00EC3254 /* Picture */ = {
			isa = PBXGroup;
			children = (
				CC98CFE32C28366200EC3254 /* PictureModel.swift */,
				CC98CFE52C28367900EC3254 /* PictureViewModel.swift */,
			);
			path = Picture;
			sourceTree = "<group>";
		};
		CC98CFEE2C283F9F00EC3254 /* Category */ = {
			isa = PBXGroup;
			children = (
				CC98CFE92C283F2000EC3254 /* CategoryModel.swift */,
				CC98CFEB2C283F3600EC3254 /* CategoryViewModel.swift */,
				CC98CFEF2C28408D00EC3254 /* CategoryView.swift */,
			);
			path = Category;
			sourceTree = "<group>";
		};
		CC98CFF32C28795500EC3254 /* Helpers */ = {
			isa = PBXGroup;
			children = (
				CC98CFF12C28792500EC3254 /* AnimatedBackgroundView.swift */,
				CC502DB32C2AAE0F00B19AE9 /* Screen.swift */,
			);
			path = Helpers;
			sourceTree = "<group>";
		};
/* End PBXGroup section */

/* Begin PBXNativeTarget section */
		CC54CE6C2C26E15000A737D3 /* PixArt */ = {
			isa = PBXNativeTarget;
			buildConfigurationList = CC54CE7B2C26E15100A737D3 /* Build configuration list for PBXNativeTarget "PixArt" */;
			buildPhases = (
				CC54CE692C26E15000A737D3 /* Sources */,
				CC54CE6A2C26E15000A737D3 /* Frameworks */,
				CC54CE6B2C26E15000A737D3 /* Resources */,
			);
			buildRules = (
			);
			dependencies = (
			);
			name = PixArt;
			productName = PixArt;
			productReference = CC54CE6D2C26E15000A737D3 /* PixArt.app */;
			productType = "com.apple.product-type.application";
		};
/* End PBXNativeTarget section */

/* Begin PBXProject section */
		CC54CE652C26E15000A737D3 /* Project object */ = {
			isa = PBXProject;
			attributes = {
				BuildIndependentTargetsInParallel = 1;
				LastSwiftUpdateCheck = 1530;
				LastUpgradeCheck = 1530;
				TargetAttributes = {
					CC54CE6C2C26E15000A737D3 = {
						CreatedOnToolsVersion = 15.3;
					};
				};
			};
			buildConfigurationList = CC54CE682C26E15000A737D3 /* Build configuration list for PBXProject "PixArt" */;
			compatibilityVersion = "Xcode 14.0";
			developmentRegion = en;
			hasScannedForEncodings = 0;
			knownRegions = (
				en,
				Base,
			);
			mainGroup = CC54CE642C26E15000A737D3;
			productRefGroup = CC54CE6E2C26E15000A737D3 /* Products */;
			projectDirPath = "";
			projectRoot = "";
			targets = (
				CC54CE6C2C26E15000A737D3 /* PixArt */,
			);
		};
/* End PBXProject section */

/* Begin PBXResourcesBuildPhase section */
		CC54CE6B2C26E15000A737D3 /* Resources */ = {
			isa = PBXResourcesBuildPhase;
			buildActionMask = 2147483647;
			files = (
				CC56ADC82C2C63F900D06E34 /* volcano numbered grid.txt in Resources */,
				CC54CE782C26E15100A737D3 /* Preview Assets.xcassets in Resources */,
				CC56ADCB2C2C63F900D06E34 /* parrot numbered grid.txt in Resources */,
				CC56ADC52C2C63F900D06E34 /* panda numbered grid.txt in Resources */,
				CC56ADC42C2C63F900D06E34 /* boat numbered grid.txt in Resources */,
				CC56ADC62C2C63F900D06E34 /* solar system numbered grid.txt in Resources */,
				CC54CE752C26E15100A737D3 /* Assets.xcassets in Resources */,
				CC56ADCC2C2C63F900D06E34 /* owl numbered grid.txt in Resources */,
				CC56ADC32C2C63F900D06E34 /* rocket numbered grid.txt in Resources */,
				CC56ADC02C2C63F900D06E34 /* raspberry numbered grid.txt in Resources */,
				CC56ADC72C2C63F900D06E34 /* UFO numbered grid.txt in Resources */,
				CC56ADC92C2C63F900D06E34 /* penguin numbered grid.txt in Resources */,
				CC56ADCA2C2C63F900D06E34 /* beaver numbered grid.txt in Resources */,
				CC56ADC12C2C63F900D06E34 /* tyrannosaurus numbered grid.txt in Resources */,
				CC56ADC22C2C63F900D06E34 /* hedgehog numbered grid.txt in Resources */,
			);
			runOnlyForDeploymentPostprocessing = 0;
		};
/* End PBXResourcesBuildPhase section */

/* Begin PBXSourcesBuildPhase section */
		CC54CE692C26E15000A737D3 /* Sources */ = {
			isa = PBXSourcesBuildPhase;
			buildActionMask = 2147483647;
			files = (
				CC98CFE42C28366200EC3254 /* PictureModel.swift in Sources */,
				CC502DB22C2AADF800B19AE9 /* ContentView.swift in Sources */,
				CC98CFF02C28408D00EC3254 /* CategoryView.swift in Sources */,
				CC98CFEA2C283F2000EC3254 /* CategoryModel.swift in Sources */,
				CC502DB42C2AAE0F00B19AE9 /* Screen.swift in Sources */,
				CC56ADB22C2C62F000D06E34 /* ColoringView Logic.swift in Sources */,
				CC98CFE62C28367900EC3254 /* PictureViewModel.swift in Sources */,
				CC54CE732C26E15000A737D3 /* PickPictureView.swift in Sources */,
				CC98CFF22C28792500EC3254 /* AnimatedBackgroundView.swift in Sources */,
				CC98CFEC2C283F3600EC3254 /* CategoryViewModel.swift in Sources */,
				CC54CE712C26E15000A737D3 /* PixArtApp.swift in Sources */,
				CC502DB02C2AADD400B19AE9 /* ColoringView.swift in Sources */,
			);
			runOnlyForDeploymentPostprocessing = 0;
		};
/* End PBXSourcesBuildPhase section */

/* Begin XCBuildConfiguration section */
		CC54CE792C26E15100A737D3 /* Debug */ = {
			isa = XCBuildConfiguration;
			buildSettings = {
				ALWAYS_SEARCH_USER_PATHS = NO;
				ASSETCATALOG_COMPILER_GENERATE_SWIFT_ASSET_SYMBOL_EXTENSIONS = YES;
				CLANG_ANALYZER_NONNULL = YES;
				CLANG_ANALYZER_NUMBER_OBJECT_CONVERSION = YES_AGGRESSIVE;
				CLANG_CXX_LANGUAGE_STANDARD = "gnu++20";
				CLANG_ENABLE_MODULES = YES;
				CLANG_ENABLE_OBJC_ARC = YES;
				CLANG_ENABLE_OBJC_WEAK = YES;
				CLANG_WARN_BLOCK_CAPTURE_AUTORELEASING = YES;
				CLANG_WARN_BOOL_CONVERSION = YES;
				CLANG_WARN_COMMA = YES;
				CLANG_WARN_CONSTANT_CONVERSION = YES;
				CLANG_WARN_DEPRECATED_OBJC_IMPLEMENTATIONS = YES;
				CLANG_WARN_DIRECT_OBJC_ISA_USAGE = YES_ERROR;
				CLANG_WARN_DOCUMENTATION_COMMENTS = YES;
				CLANG_WARN_EMPTY_BODY = YES;
				CLANG_WARN_ENUM_CONVERSION = YES;
				CLANG_WARN_INFINITE_RECURSION = YES;
				CLANG_WARN_INT_CONVERSION = YES;
				CLANG_WARN_NON_LITERAL_NULL_CONVERSION = YES;
				CLANG_WARN_OBJC_IMPLICIT_RETAIN_SELF = YES;
				CLANG_WARN_OBJC_LITERAL_CONVERSION = YES;
				CLANG_WARN_OBJC_ROOT_CLASS = YES_ERROR;
				CLANG_WARN_QUOTED_INCLUDE_IN_FRAMEWORK_HEADER = YES;
				CLANG_WARN_RANGE_LOOP_ANALYSIS = YES;
				CLANG_WARN_STRICT_PROTOTYPES = YES;
				CLANG_WARN_SUSPICIOUS_MOVE = YES;
				CLANG_WARN_UNGUARDED_AVAILABILITY = YES_AGGRESSIVE;
				CLANG_WARN_UNREACHABLE_CODE = YES;
				CLANG_WARN__DUPLICATE_METHOD_MATCH = YES;
				COPY_PHASE_STRIP = NO;
				DEBUG_INFORMATION_FORMAT = dwarf;
				ENABLE_STRICT_OBJC_MSGSEND = YES;
				ENABLE_TESTABILITY = YES;
				ENABLE_USER_SCRIPT_SANDBOXING = YES;
				GCC_C_LANGUAGE_STANDARD = gnu17;
				GCC_DYNAMIC_NO_PIC = NO;
				GCC_NO_COMMON_BLOCKS = YES;
				GCC_OPTIMIZATION_LEVEL = 0;
				GCC_PREPROCESSOR_DEFINITIONS = (
					"DEBUG=1",
					"$(inherited)",
				);
				GCC_WARN_64_TO_32_BIT_CONVERSION = YES;
				GCC_WARN_ABOUT_RETURN_TYPE = YES_ERROR;
				GCC_WARN_UNDECLARED_SELECTOR = YES;
				GCC_WARN_UNINITIALIZED_AUTOS = YES_AGGRESSIVE;
				GCC_WARN_UNUSED_FUNCTION = YES;
				GCC_WARN_UNUSED_VARIABLE = YES;
				IPHONEOS_DEPLOYMENT_TARGET = 17.4;
				LOCALIZATION_PREFERS_STRING_CATALOGS = YES;
				MTL_ENABLE_DEBUG_INFO = INCLUDE_SOURCE;
				MTL_FAST_MATH = YES;
				ONLY_ACTIVE_ARCH = YES;
				SDKROOT = iphoneos;
				SWIFT_ACTIVE_COMPILATION_CONDITIONS = "DEBUG $(inherited)";
				SWIFT_OPTIMIZATION_LEVEL = "-Onone";
			};
			name = Debug;
		};
		CC54CE7A2C26E15100A737D3 /* Release */ = {
			isa = XCBuildConfiguration;
			buildSettings = {
				ALWAYS_SEARCH_USER_PATHS = NO;
				ASSETCATALOG_COMPILER_GENERATE_SWIFT_ASSET_SYMBOL_EXTENSIONS = YES;
				CLANG_ANALYZER_NONNULL = YES;
				CLANG_ANALYZER_NUMBER_OBJECT_CONVERSION = YES_AGGRESSIVE;
				CLANG_CXX_LANGUAGE_STANDARD = "gnu++20";
				CLANG_ENABLE_MODULES = YES;
				CLANG_ENABLE_OBJC_ARC = YES;
				CLANG_ENABLE_OBJC_WEAK = YES;
				CLANG_WARN_BLOCK_CAPTURE_AUTORELEASING = YES;
				CLANG_WARN_BOOL_CONVERSION = YES;
				CLANG_WARN_COMMA = YES;
				CLANG_WARN_CONSTANT_CONVERSION = YES;
				CLANG_WARN_DEPRECATED_OBJC_IMPLEMENTATIONS = YES;
				CLANG_WARN_DIRECT_OBJC_ISA_USAGE = YES_ERROR;
				CLANG_WARN_DOCUMENTATION_COMMENTS = YES;
				CLANG_WARN_EMPTY_BODY = YES;
				CLANG_WARN_ENUM_CONVERSION = YES;
				CLANG_WARN_INFINITE_RECURSION = YES;
				CLANG_WARN_INT_CONVERSION = YES;
				CLANG_WARN_NON_LITERAL_NULL_CONVERSION = YES;
				CLANG_WARN_OBJC_IMPLICIT_RETAIN_SELF = YES;
				CLANG_WARN_OBJC_LITERAL_CONVERSION = YES;
				CLANG_WARN_OBJC_ROOT_CLASS = YES_ERROR;
				CLANG_WARN_QUOTED_INCLUDE_IN_FRAMEWORK_HEADER = YES;
				CLANG_WARN_RANGE_LOOP_ANALYSIS = YES;
				CLANG_WARN_STRICT_PROTOTYPES = YES;
				CLANG_WARN_SUSPICIOUS_MOVE = YES;
				CLANG_WARN_UNGUARDED_AVAILABILITY = YES_AGGRESSIVE;
				CLANG_WARN_UNREACHABLE_CODE = YES;
				CLANG_WARN__DUPLICATE_METHOD_MATCH = YES;
				COPY_PHASE_STRIP = NO;
				DEBUG_INFORMATION_FORMAT = "dwarf-with-dsym";
				ENABLE_NS_ASSERTIONS = NO;
				ENABLE_STRICT_OBJC_MSGSEND = YES;
				ENABLE_USER_SCRIPT_SANDBOXING = YES;
				GCC_C_LANGUAGE_STANDARD = gnu17;
				GCC_NO_COMMON_BLOCKS = YES;
				GCC_WARN_64_TO_32_BIT_CONVERSION = YES;
				GCC_WARN_ABOUT_RETURN_TYPE = YES_ERROR;
				GCC_WARN_UNDECLARED_SELECTOR = YES;
				GCC_WARN_UNINITIALIZED_AUTOS = YES_AGGRESSIVE;
				GCC_WARN_UNUSED_FUNCTION = YES;
				GCC_WARN_UNUSED_VARIABLE = YES;
				IPHONEOS_DEPLOYMENT_TARGET = 17.4;
				LOCALIZATION_PREFERS_STRING_CATALOGS = YES;
				MTL_ENABLE_DEBUG_INFO = NO;
				MTL_FAST_MATH = YES;
				SDKROOT = iphoneos;
				SWIFT_COMPILATION_MODE = wholemodule;
				VALIDATE_PRODUCT = YES;
			};
			name = Release;
		};
		CC54CE7C2C26E15100A737D3 /* Debug */ = {
			isa = XCBuildConfiguration;
			buildSettings = {
				ASSETCATALOG_COMPILER_APPICON_NAME = AppIcon;
				ASSETCATALOG_COMPILER_GLOBAL_ACCENT_COLOR_NAME = AccentColor;
				CODE_SIGN_STYLE = Automatic;
				CURRENT_PROJECT_VERSION = 1;
				DEVELOPMENT_ASSET_PATHS = "\"PixArt/Preview Content\"";
				DEVELOPMENT_TEAM = 8742X93NKZ;
				ENABLE_PREVIEWS = YES;
				GENERATE_INFOPLIST_FILE = YES;
				INFOPLIST_KEY_UIApplicationSceneManifest_Generation = YES;
				INFOPLIST_KEY_UIApplicationSupportsIndirectInputEvents = YES;
				INFOPLIST_KEY_UILaunchScreen_Generation = YES;
				INFOPLIST_KEY_UISupportedInterfaceOrientations_iPad = "UIInterfaceOrientationPortrait UIInterfaceOrientationPortraitUpsideDown UIInterfaceOrientationLandscapeLeft UIInterfaceOrientationLandscapeRight";
				INFOPLIST_KEY_UISupportedInterfaceOrientations_iPhone = "UIInterfaceOrientationPortrait UIInterfaceOrientationLandscapeLeft UIInterfaceOrientationLandscapeRight";
				LD_RUNPATH_SEARCH_PATHS = (
					"$(inherited)",
					"@executable_path/Frameworks",
				);
				MARKETING_VERSION = 1.0;
				PRODUCT_BUNDLE_IDENTIFIER = learning.personal.PixArt;
				PRODUCT_NAME = "$(TARGET_NAME)";
				SWIFT_EMIT_LOC_STRINGS = YES;
				SWIFT_VERSION = 5.0;
				TARGETED_DEVICE_FAMILY = "1,2";
			};
			name = Debug;
		};
		CC54CE7D2C26E15100A737D3 /* Release */ = {
			isa = XCBuildConfiguration;
			buildSettings = {
				ASSETCATALOG_COMPILER_APPICON_NAME = AppIcon;
				ASSETCATALOG_COMPILER_GLOBAL_ACCENT_COLOR_NAME = AccentColor;
				CODE_SIGN_STYLE = Automatic;
				CURRENT_PROJECT_VERSION = 1;
				DEVELOPMENT_ASSET_PATHS = "\"PixArt/Preview Content\"";
				DEVELOPMENT_TEAM = 8742X93NKZ;
				ENABLE_PREVIEWS = YES;
				GENERATE_INFOPLIST_FILE = YES;
				INFOPLIST_KEY_UIApplicationSceneManifest_Generation = YES;
				INFOPLIST_KEY_UIApplicationSupportsIndirectInputEvents = YES;
				INFOPLIST_KEY_UILaunchScreen_Generation = YES;
				INFOPLIST_KEY_UISupportedInterfaceOrientations_iPad = "UIInterfaceOrientationPortrait UIInterfaceOrientationPortraitUpsideDown UIInterfaceOrientationLandscapeLeft UIInterfaceOrientationLandscapeRight";
				INFOPLIST_KEY_UISupportedInterfaceOrientations_iPhone = "UIInterfaceOrientationPortrait UIInterfaceOrientationLandscapeLeft UIInterfaceOrientationLandscapeRight";
				LD_RUNPATH_SEARCH_PATHS = (
					"$(inherited)",
					"@executable_path/Frameworks",
				);
				MARKETING_VERSION = 1.0;
				PRODUCT_BUNDLE_IDENTIFIER = learning.personal.PixArt;
				PRODUCT_NAME = "$(TARGET_NAME)";
				SWIFT_EMIT_LOC_STRINGS = YES;
				SWIFT_VERSION = 5.0;
				TARGETED_DEVICE_FAMILY = "1,2";
			};
			name = Release;
		};
/* End XCBuildConfiguration section */

/* Begin XCConfigurationList section */
		CC54CE682C26E15000A737D3 /* Build configuration list for PBXProject "PixArt" */ = {
			isa = XCConfigurationList;
			buildConfigurations = (
				CC54CE792C26E15100A737D3 /* Debug */,
				CC54CE7A2C26E15100A737D3 /* Release */,
			);
			defaultConfigurationIsVisible = 0;
			defaultConfigurationName = Release;
		};
		CC54CE7B2C26E15100A737D3 /* Build configuration list for PBXNativeTarget "PixArt" */ = {
			isa = XCConfigurationList;
			buildConfigurations = (
				CC54CE7C2C26E15100A737D3 /* Debug */,
				CC54CE7D2C26E15100A737D3 /* Release */,
			);
			defaultConfigurationIsVisible = 0;
			defaultConfigurationName = Release;
		};
/* End XCConfigurationList section */
	};
	rootObject = CC54CE652C26E15000A737D3 /* Project object */;
}
